{
  "name": "fjale",
  "version": "1.0.0",
  "lockfileVersion": 3,
  "requires": true,
  "packages": {
    "": {
      "name": "fjale",
      "version": "1.0.0",
      "license": "GPL-2.0-or-later",
      "dependencies": {
        "@neondatabase/serverless": "^1.1.0"
      },
      "devDependencies": {
        "@electric-sql/pglite": "0.5.4"
      },
      "engines": {
        "node": ">=20.19"
      }
    },
    "node_modules/@electric-sql/pglite": {
      "version": "0.5.4",
      "resolved": "https://registry.npmjs.org/@electric-sql/pglite/-/pglite-0.5.4.tgz",
      "integrity": "sha512-yYZUyyXrHU7tPlCjwZQJ6hIG9DscdCCn7Uk0mYKwC1FeHX286AbcmFveMiRBEak8e9iPupjsoVImN3yJZVed2g==",
      "dev": true,
      "license": "Apache-2.0"
    },
    "node_modules/@neondatabase/serverless": {
      "version": "1.1.0",
      "resolved": "https://registry.npmjs.org/@neondatabase/serverless/-/serverless-1.1.0.tgz",
      "integrity": "sha512-r3ZZhRjEcfEdKIZnoB1RusNgvHuaBRqfCzV4Gi+5A9yUX0S4HTws/ASWqt13wL4y4I+0rqsWGdA2w7EQXHi3+Q==",
      "license": "MIT",
      "engines": {
        "node": ">=19.0.0"
      }
    }
  }
}
